
Microsoft Visual Studio Solution File, Format Version 12.00
# Visual Studio Version 16
VisualStudioVersion = 16.0.31624.102
MinimumVisualStudioVersion = 10.0.40219.1
Project("{FAE04EC0-301F-11D3-BF4B-00C04F79EFBC}") = "Opgave3", "Opgave3\Opgave3.csproj", "{F22FC104-91EE-416B-A43B-423C5AC62633}"
EndProject
Global
	GlobalSection(SolutionConfigurationPlatforms) = preSolution
		Debug|Any CPU = Debug|Any CPU
		Release|Any CPU = Release|Any CPU
	EndGlobalSection
	GlobalSection(ProjectConfigurationPlatforms) = postSolution
		{F22FC104-91EE-416B-A43B-423C5AC62633}.Debug|Any CPU.ActiveCfg = Debug|Any CPU
		{F22FC104-91EE-416B-A43B-423C5AC62633}.Debug|Any CPU.Build.0 = Debug|Any CPU
		{F22FC104-91EE-416B-A43B-423C5AC62633}.Release|Any CPU.ActiveCfg = Release|Any CPU
		{F22FC104-91EE-416B-A43B-423C5AC62633}.Release|Any CPU.Build.0 = Release|Any CPU
	EndGlobalSection
	GlobalSection(SolutionProperties) = preSolution
		HideSolutionNode = FALSE
	EndGlobalSection
	GlobalSection(ExtensibilityGlobals) = postSolution
		SolutionGuid = {CC920E75-AC12-492C-802B-F504CD375BE6}
	EndGlobalSection
EndGlobal
